// !$*UTF8*$!
{
	archiveVersion = 1;
	classes = {
	};
	objectVersion = 50;
	objects = {

/* Begin PBXBuildFile section */
		71139CE1267B805E00BD5FFB /* AppDelegate.swift in Sources */ = {isa = PBXBuildFile; fileRef = 71139CE0267B805E00BD5FFB /* AppDelegate.swift */; };
		71139CE3267B805E00BD5FFB /* SceneDelegate.swift in Sources */ = {isa = PBXBuildFile; fileRef = 71139CE2267B805E00BD5FFB /* SceneDelegate.swift */; };
		71139CE5267B805E00BD5FFB /* TodoyTableViewController.swift in Sources */ = {isa = PBXBuildFile; fileRef = 71139CE4267B805E00BD5FFB /* TodoyTableViewController.swift */; };
		71139CE8267B805E00BD5FFB /* Main.storyboard in Resources */ = {isa = PBXBuildFile; fileRef = 71139CE6267B805E00BD5FFB /* Main.storyboard */; };
		71139CEA267B806200BD5FFB /* Assets.xcassets in Resources */ = {isa = PBXBuildFile; fileRef = 71139CE9267B806200BD5FFB /* Assets.xcassets */; };
		71139CED267B806200BD5FFB /* LaunchScreen.storyboard in Resources */ = {isa = PBXBuildFile; fileRef = 71139CEB267B806200BD5FFB /* LaunchScreen.storyboard */; };
		71139CF9267B825300BD5FFB /* Item.swift in Sources */ = {isa = PBXBuildFile; fileRef = 71139CF8267B825300BD5FFB /* Item.swift */; };
/* End PBXBuildFile section */

/* Begin PBXFileReference section */
		71139CDD267B805E00BD5FFB /* Todoy.app */ = {isa = PBXFileReference; explicitFileType = wrapper.application; includeInIndex = 0; path = Todoy.app; sourceTree = BUILT_PRODUCTS_DIR; };
		71139CE0267B805E00BD5FFB /* AppDelegate.swift */ = {isa = PBXFileReference; lastKnownFileType = sourcecode.swift; path = AppDelegate.swift; sourceTree = "<group>"; };
		71139CE2267B805E00BD5FFB /* SceneDelegate.swift */ = {isa = PBXFileReference; lastKnownFileType = sourcecode.swift; path = SceneDelegate.swift; sourceTree = "<group>"; };
		71139CE4267B805E00BD5FFB /* TodoyTableViewController.swift */ = {isa = PBXFileReference; lastKnownFileType = sourcecode.swift; path = TodoyTableViewController.swift; sourceTree = "<group>"; };
		71139CE7267B805E00BD5FFB /* Base */ = {isa = PBXFileReference; lastKnownFileType = file.storyboard; name = Base; path = Base.lproj/Main.storyboard; sourceTree = "<group>"; };
		71139CE9267B806200BD5FFB /* Assets.xcassets */ = {isa = PBXFileReference; lastKnownFileType = folder.assetcatalog; path = Assets.xcassets; sourceTree = "<group>"; };
		71139CEC267B806200BD5FFB /* Base */ = {isa = PBXFileReference; lastKnownFileType = file.storyboard; name = Base; path = Base.lproj/LaunchScreen.storyboard; sourceTree = "<group>"; };
		71139CEE267B806200BD5FFB /* Info.plist */ = {isa = PBXFileReference; lastKnownFileType = text.plist.xml; path = Info.plist; sourceTree = "<group>"; };
		71139CF8267B825300BD5FFB /* Item.swift */ = {isa = PBXFileReference; lastKnownFileType = sourcecode.swift; path = Item.swift; sourceTree = "<group>"; };
/* End PBXFileReference section */

/* Begin PBXFrameworksBuildPhase section */
		71139CDA267B805E00BD5FFB /* Frameworks */ = {
			isa = PBXFrameworksBuildPhase;
			buildActionMask = 2147483647;
			files = (
			);
			runOnlyForDeploymentPostprocessing = 0;
		};
/* End PBXFrameworksBuildPhase section */

/* Begin PBXGroup section */
		71139CD4267B805E00BD5FFB = {
			isa = PBXGroup;
			children = (
				71139CDF267B805E00BD5FFB /* Todoy */,
				71139CDE267B805E00BD5FFB /* Products */,
			);
			sourceTree = "<group>";
		};
		71139CDE267B805E00BD5FFB /* Products */ = {
			isa = PBXGroup;
			children = (
				71139CDD267B805E00BD5FFB /* Todoy.app */,
			);
			name = Products;
			sourceTree = "<group>";
		};
		71139CDF267B805E00BD5FFB /* Todoy */ = {
			isa = PBXGroup;
			children = (
				71139CF7267B823D00BD5FFB /* Model */,
				71139CF6267B822E00BD5FFB /* Controller */,
				71139CE0267B805E00BD5FFB /* AppDelegate.swift */,
				71139CE2267B805E00BD5FFB /* SceneDelegate.swift */,
				71139CE6267B805E00BD5FFB /* Main.storyboard */,
				71139CE9267B806200BD5FFB /* Assets.xcassets */,
				71139CEB267B806200BD5FFB /* LaunchScreen.storyboard */,
				71139CEE267B806200BD5FFB /* Info.plist */,
			);
			path = Todoy;
			sourceTree = "<group>";
		};
		71139CF6267B822E00BD5FFB /* Controller */ = {
			isa = PBXGroup;
			children = (
				71139CE4267B805E00BD5FFB /* TodoyTableViewController.swift */,
			);
			path = Controller;
			sourceTree = "<group>";
		};
		71139CF7267B823D00BD5FFB /* Model */ = {
			isa = PBXGroup;
			children = (
				71139CF8267B825300BD5FFB /* Item.swift */,
			);
			path = Model;
			sourceTree = "<group>";
		};
/* End PBXGroup section */

/* Begin PBXNativeTarget section */
		71139CDC267B805E00BD5FFB /* Todoy */ = {
			isa = PBXNativeTarget;
			buildConfigurationList = 71139CF1267B806200BD5FFB /* Build configuration list for PBXNativeTarget "Todoy" */;
			buildPhases = (
				71139CD9267B805E00BD5FFB /* Sources */,
				71139CDA267B805E00BD5FFB /* Frameworks */,
				71139CDB267B805E00BD5FFB /* Resources */,
			);
			buildRules = (
			);
			dependencies = (
			);
			name = Todoy;
			productName = Todoy;
			productReference = 71139CDD267B805E00BD5FFB /* Todoy.app */;
			productType = "com.apple.product-type.application";
		};
/* End PBXNativeTarget section */

/* Begin PBXProject section */
		71139CD5267B805E00BD5FFB /* Project object */ = {
			isa = PBXProject;
			attributes = {
				LastSwiftUpdateCheck = 1230;
				LastUpgradeCheck = 1230;
				TargetAttributes = {
					71139CDC267B805E00BD5FFB = {
						CreatedOnToolsVersion = 12.3;
					};
				};
			};
			buildConfigurationList = 71139CD8267B805E00BD5FFB /* Build configuration list for PBXProject "Todoy" */;
			compatibilityVersion = "Xcode 9.3";
			developmentRegion = en;
			hasScannedForEncodings = 0;
			knownRegions = (
				en,
				Base,
			);
			mainGroup = 71139CD4267B805E00BD5FFB;
			productRefGroup = 71139CDE267B805E00BD5FFB /* Products */;
			projectDirPath = "";
			projectRoot = "";
			targets = (
				71139CDC267B805E00BD5FFB /* Todoy */,
			);
		};
/* End PBXProject section */

/* Begin PBXResourcesBuildPhase section */
		71139CDB267B805E00BD5FFB /* Resources */ = {
			isa = PBXResourcesBuildPhase;
			buildActionMask = 2147483647;
			files = (
				71139CED267B806200BD5FFB /* LaunchScreen.storyboard in Resources */,
				71139CEA267B806200BD5FFB /* Assets.xcassets in Resources */,
				71139CE8267B805E00BD5FFB /* Main.storyboard in Resources */,
			);
			runOnlyForDeploymentPostprocessing = 0;
		};
/* End PBXResourcesBuildPhase section */

/* Begin PBXSourcesBuildPhase section */
		71139CD9267B805E00BD5FFB /* Sources */ = {
			isa = PBXSourcesBuildPhase;
			buildActionMask = 2147483647;
			files = (
				71139CF9267B825300BD5FFB /* Item.swift in Sources */,
				71139CE5267B805E00BD5FFB /* TodoyTableViewController.swift in Sources */,
				71139CE1267B805E00BD5FFB /* AppDelegate.swift in Sources */,
				71139CE3267B805E00BD5FFB /* SceneDelegate.swift in Sources */,
			);
			runOnlyForDeploymentPostprocessing = 0;
		};
/* End PBXSourcesBuildPhase section */

/* Begin PBXVariantGroup section */
		71139CE6267B805E00BD5FFB /* Main.storyboard */ = {
			isa = PBXVariantGroup;
			children = (
				71139CE7267B805E00BD5FFB /* Base */,
			);
			name = Main.storyboard;
			sourceTree = "<group>";
		};
		71139CEB267B806200BD5FFB /* LaunchScreen.storyboard */ = {
			isa = PBXVariantGroup;
			children = (
				71139CEC267B806200BD5FFB /* Base */,
			);
			name = LaunchScreen.storyboard;
			sourceTree = "<group>";
		};
/* End PBXVariantGroup section */

/* Begin XCBuildConfiguration section */
		71139CEF267B806200BD5FFB /* Debug */ = {
			isa = XCBuildConfiguration;
			buildSettings = {
				ALWAYS_SEARCH_USER_PATHS = NO;
				CLANG_ANALYZER_NONNULL = YES;
				CLANG_ANALYZER_NUMBER_OBJECT_CONVERSION = YES_AGGRESSIVE;
				CLANG_CXX_LANGUAGE_STANDARD = "gnu++14";
				CLANG_CXX_LIBRARY = "libc++";
				CLANG_ENABLE_MODULES = YES;
				CLANG_ENABLE_OBJC_ARC = YES;
				CLANG_ENABLE_OBJC_WEAK = YES;
				CLANG_WARN_BLOCK_CAPTURE_AUTORELEASING = YES;
				CLANG_WARN_BOOL_CONVERSION = YES;
				CLANG_WARN_COMMA = YES;
				CLANG_WARN_CONSTANT_CONVERSION = YES;
				CLANG_WARN_DEPRECATED_OBJC_IMPLEMENTATIONS = YES;
				CLANG_WARN_DIRECT_OBJC_ISA_USAGE = YES_ERROR;
				CLANG_WARN_DOCUMENTATION_COMMENTS = YES;
				CLANG_WARN_EMPTY_BODY = YES;
				CLANG_WARN_ENUM_CONVERSION = YES;
				CLANG_WARN_INFINITE_RECURSION = YES;
				CLANG_WARN_INT_CONVERSION = YES;
				CLANG_WARN_NON_LITERAL_NULL_CONVERSION = YES;
				CLANG_WARN_OBJC_IMPLICIT_RETAIN_SELF = YES;
				CLANG_WARN_OBJC_LITERAL_CONVERSION = YES;
				CLANG_WARN_OBJC_ROOT_CLASS = YES_ERROR;
				CLANG_WARN_QUOTED_INCLUDE_IN_FRAMEWORK_HEADER = YES;
				CLANG_WARN_RANGE_LOOP_ANALYSIS = YES;
				CLANG_WARN_STRICT_PROTOTYPES = YES;
				CLANG_WARN_SUSPICIOUS_MOVE = YES;
				CLANG_WARN_UNGUARDED_AVAILABILITY = YES_AGGRESSIVE;
				CLANG_WARN_UNREACHABLE_CODE = YES;
				CLANG_WARN__DUPLICATE_METHOD_MATCH = YES;
				COPY_PHASE_STRIP = NO;
				DEBUG_INFORMATION_FORMAT = dwarf;
				ENABLE_STRICT_OBJC_MSGSEND = YES;
				ENABLE_TESTABILITY = YES;
				GCC_C_LANGUAGE_STANDARD = gnu11;
				GCC_DYNAMIC_NO_PIC = NO;
				GCC_NO_COMMON_BLOCKS = YES;
				GCC_OPTIMIZATION_LEVEL = 0;
				GCC_PREPROCESSOR_DEFINITIONS = (
					"DEBUG=1",
					"$(inherited)",
				);
				GCC_WARN_64_TO_32_BIT_CONVERSION = YES;
				GCC_WARN_ABOUT_RETURN_TYPE = YES_ERROR;
				GCC_WARN_UNDECLARED_SELECTOR = YES;
				GCC_WARN_UNINITIALIZED_AUTOS = YES_AGGRESSIVE;
				GCC_WARN_UNUSED_FUNCTION = YES;
				GCC_WARN_UNUSED_VARIABLE = YES;
				IPHONEOS_DEPLOYMENT_TARGET = 14.3;
				MTL_ENABLE_DEBUG_INFO = INCLUDE_SOURCE;
				MTL_FAST_MATH = YES;
				ONLY_ACTIVE_ARCH = YES;
				SDKROOT = iphoneos;
				SWIFT_ACTIVE_COMPILATION_CONDITIONS = DEBUG;
				SWIFT_OPTIMIZATION_LEVEL = "-Onone";
			};
			name = Debug;
		};
		71139CF0267B806200BD5FFB /* Release */ = {
			isa = XCBuildConfiguration;
			buildSettings = {
				ALWAYS_SEARCH_USER_PATHS = NO;
				CLANG_ANALYZER_NONNULL = YES;
				CLANG_ANALYZER_NUMBER_OBJECT_CONVERSION = YES_AGGRESSIVE;
				CLANG_CXX_LANGUAGE_STANDARD = "gnu++14";
				CLANG_CXX_LIBRARY = "libc++";
				CLANG_ENABLE_MODULES = YES;
				CLANG_ENABLE_OBJC_ARC = YES;
				CLANG_ENABLE_OBJC_WEAK = YES;
				CLANG_WARN_BLOCK_CAPTURE_AUTORELEASING = YES;
				CLANG_WARN_BOOL_CONVERSION = YES;
				CLANG_WARN_COMMA = YES;
				CLANG_WARN_CONSTANT_CONVERSION = YES;
				CLANG_WARN_DEPRECATED_OBJC_IMPLEMENTATIONS = YES;
				CLANG_WARN_DIRECT_OBJC_ISA_USAGE = YES_ERROR;
				CLANG_WARN_DOCUMENTATION_COMMENTS = YES;
				CLANG_WARN_EMPTY_BODY = YES;
				CLANG_WARN_ENUM_CONVERSION = YES;
				CLANG_WARN_INFINITE_RECURSION = YES;
				CLANG_WARN_INT_CONVERSION = YES;
				CLANG_WARN_NON_LITERAL_NULL_CONVERSION = YES;
				CLANG_WARN_OBJC_IMPLICIT_RETAIN_SELF = YES;
				CLANG_WARN_OBJC_LITERAL_CONVERSION = YES;
				CLANG_WARN_OBJC_ROOT_CLASS = YES_ERROR;
				CLANG_WARN_QUOTED_INCLUDE_IN_FRAMEWORK_HEADER = YES;
				CLANG_WARN_RANGE_LOOP_ANALYSIS = YES;
				CLANG_WARN_STRICT_PROTOTYPES = YES;
				CLANG_WARN_SUSPICIOUS_MOVE = YES;
				CLANG_WARN_UNGUARDED_AVAILABILITY = YES_AGGRESSIVE;
				CLANG_WARN_UNREACHABLE_CODE = YES;
				CLANG_WARN__DUPLICATE_METHOD_MATCH = YES;
				COPY_PHASE_STRIP = NO;
				DEBUG_INFORMATION_FORMAT = "dwarf-with-dsym";
				ENABLE_NS_ASSERTIONS = NO;
				ENABLE_STRICT_OBJC_MSGSEND = YES;
				GCC_C_LANGUAGE_STANDARD = gnu11;
				GCC_NO_COMMON_BLOCKS = YES;
				GCC_WARN_64_TO_32_BIT_CONVERSION = YES;
				GCC_WARN_ABOUT_RETURN_TYPE = YES_ERROR;
				GCC_WARN_UNDECLARED_SELECTOR = YES;
				GCC_WARN_UNINITIALIZED_AUTOS = YES_AGGRESSIVE;
				GCC_WARN_UNUSED_FUNCTION = YES;
				GCC_WARN_UNUSED_VARIABLE = YES;
				IPHONEOS_DEPLOYMENT_TARGET = 14.3;
				MTL_ENABLE_DEBUG_INFO = NO;
				MTL_FAST_MATH = YES;
				SDKROOT = iphoneos;
				SWIFT_COMPILATION_MODE = wholemodule;
				SWIFT_OPTIMIZATION_LEVEL = "-O";
				VALIDATE_PRODUCT = YES;
			};
			name = Release;
		};
		71139CF2267B806200BD5FFB /* Debug */ = {
			isa = XCBuildConfiguration;
			buildSettings = {
				ASSETCATALOG_COMPILER_APPICON_NAME = AppIcon;
				ASSETCATALOG_COMPILER_GLOBAL_ACCENT_COLOR_NAME = AccentColor;
				CODE_SIGN_STYLE = Automatic;
				DEVELOPMENT_TEAM = AMNN4SX6JU;
				INFOPLIST_FILE = Todoy/Info.plist;
				LD_RUNPATH_SEARCH_PATHS = (
					"$(inherited)",
					"@executable_path/Frameworks",
				);
				PRODUCT_BUNDLE_IDENTIFIER = com.mh.Todoy;
				PRODUCT_NAME = "$(TARGET_NAME)";
				SWIFT_VERSION = 5.0;
				TARGETED_DEVICE_FAMILY = "1,2";
			};
			name = Debug;
		};
		71139CF3267B806200BD5FFB /* Release */ = {
			isa = XCBuildConfiguration;
			buildSettings = {
				ASSETCATALOG_COMPILER_APPICON_NAME = AppIcon;
				ASSETCATALOG_COMPILER_GLOBAL_ACCENT_COLOR_NAME = AccentColor;
				CODE_SIGN_STYLE = Automatic;
				DEVELOPMENT_TEAM = AMNN4SX6JU;
				INFOPLIST_FILE = Todoy/Info.plist;
				LD_RUNPATH_SEARCH_PATHS = (
					"$(inherited)",
					"@executable_path/Frameworks",
				);
				PRODUCT_BUNDLE_IDENTIFIER = com.mh.Todoy;
				PRODUCT_NAME = "$(TARGET_NAME)";
				SWIFT_VERSION = 5.0;
				TARGETED_DEVICE_FAMILY = "1,2";
			};
			name = Release;
		};
/* End XCBuildConfiguration section */

/* Begin XCConfigurationList section */
		71139CD8267B805E00BD5FFB /* Build configuration list for PBXProject "Todoy" */ = {
			isa = XCConfigurationList;
			buildConfigurations = (
				71139CEF267B806200BD5FFB /* Debug */,
				71139CF0267B806200BD5FFB /* Release */,
			);
			defaultConfigurationIsVisible = 0;
			defaultConfigurationName = Release;
		};
		71139CF1267B806200BD5FFB /* Build configuration list for PBXNativeTarget "Todoy" */ = {
			isa = XCConfigurationList;
			buildConfigurations = (
				71139CF2267B806200BD5FFB /* Debug */,
				71139CF3267B806200BD5FFB /* Release */,
			);
			defaultConfigurationIsVisible = 0;
			defaultConfigurationName = Release;
		};
/* End XCConfigurationList section */
	};
	rootObject = 71139CD5267B805E00BD5FFB /* Project object */;
}
